
Microsoft Visual Studio Solution File, Format Version 12.00
# Visual Studio Version 17
VisualStudioVersion = 17.11.35219.272
MinimumVisualStudioVersion = 10.0.40219.1
Project("{9A19103F-16F7-4668-BE54-9A1E7A4F7556}") = "VisionApplication", "VisionApplication\VisionApplication.csproj", "{A6920A09-78E6-4A18-B22F-7E7C721D3A3F}"
EndProject
Global
	GlobalSection(SolutionConfigurationPlatforms) = preSolution
		Debug|Any CPU = Debug|Any CPU
		Debug|x64 = Debug|x64
		Release|Any CPU = Release|Any CPU
		Release|x64 = Release|x64
	EndGlobalSection
	GlobalSection(ProjectConfigurationPlatforms) = postSolution
		{A6920A09-78E6-4A18-B22F-7E7C721D3A3F}.Debug|Any CPU.ActiveCfg = Debug|Any CPU
		{A6920A09-78E6-4A18-B22F-7E7C721D3A3F}.Debug|Any CPU.Build.0 = Debug|Any CPU
		{A6920A09-78E6-4A18-B22F-7E7C721D3A3F}.Debug|x64.ActiveCfg = Debug|x64
		{A6920A09-78E6-4A18-B22F-7E7C721D3A3F}.Debug|x64.Build.0 = Debug|x64
		{A6920A09-78E6-4A18-B22F-7E7C721D3A3F}.Release|Any CPU.ActiveCfg = Release|Any CPU
		{A6920A09-78E6-4A18-B22F-7E7C721D3A3F}.Release|Any CPU.Build.0 = Release|Any CPU
		{A6920A09-78E6-4A18-B22F-7E7C721D3A3F}.Release|x64.ActiveCfg = Release|x64
		{A6920A09-78E6-4A18-B22F-7E7C721D3A3F}.Release|x64.Build.0 = Release|x64
	EndGlobalSection
	GlobalSection(SolutionProperties) = preSolution
		HideSolutionNode = FALSE
	EndGlobalSection
	GlobalSection(ExtensibilityGlobals) = postSolution
		SolutionGuid = {43546591-7BB5-4E5C-9A52-05BA949C6504}
	EndGlobalSection
EndGlobal
